
Microsoft Visual Studio Solution File, Format Version 12.00
# Visual Studio Version 17
VisualStudioVersion = 17.14.36603.0 d17.14
MinimumVisualStudioVersion = 10.0.40219.1
Project("{FAE04EC0-301F-11D3-BF4B-00C04F79EFBC}") = "FilteringTest", "FilteringTest.csproj", "{7230178D-2E8A-486F-9AA5-E7FB86943DDE}"
EndProject
Global
	GlobalSection(SolutionConfigurationPlatforms) = preSolution
		Debug|Any CPU = Debug|Any CPU
		Release|Any CPU = Release|Any CPU
	EndGlobalSection
	GlobalSection(ProjectConfigurationPlatforms) = postSolution
		{7230178D-2E8A-486F-9AA5-E7FB86943DDE}.Debug|Any CPU.ActiveCfg = Debug|Any CPU
		{7230178D-2E8A-486F-9AA5-E7FB86943DDE}.Debug|Any CPU.Build.0 = Debug|Any CPU
		{7230178D-2E8A-486F-9AA5-E7FB86943DDE}.Release|Any CPU.ActiveCfg = Release|Any CPU
		{7230178D-2E8A-486F-9AA5-E7FB86943DDE}.Release|Any CPU.Build.0 = Release|Any CPU
	EndGlobalSection
	GlobalSection(SolutionProperties) = preSolution
		HideSolutionNode = FALSE
	EndGlobalSection
	GlobalSection(ExtensibilityGlobals) = postSolution
		SolutionGuid = {7C95E885-E6FE-4DDF-BB88-818854113462}
	EndGlobalSection
EndGlobal
